
Microsoft Visual Studio Solution File, Format Version 12.00
# Visual Studio Version 17
VisualStudioVersion = 17.9.34728.123
MinimumVisualStudioVersion = 10.0.40219.1
Project("{2150E333-8FDC-42A3-9474-1A3956D46DE8}") = "src", "src", "{7AC305D7-5603-4073-8893-5104847367AB}"
EndProject
Project("{2150E333-8FDC-42A3-9474-1A3956D46DE8}") = "Solution Items", "Solution Items", "{F032D331-FED4-48CF-A3EF-2105ABFF6992}"
EndProject
Project("{9A19103F-16F7-4668-BE54-9A1E7A4F7556}") = "Eurofurence.App.Common", "src\Eurofurence.App.Common\Eurofurence.App.Common.csproj", "{3C6FDBA7-944C-435F-AD5A-3C846A1A6C35}"
EndProject
Project("{9A19103F-16F7-4668-BE54-9A1E7A4F7556}") = "Eurofurence.App.Domain.Model", "src\Eurofurence.App.Domain.Model\Eurofurence.App.Domain.Model.csproj", "{89B92432-67C9-4A61-80CE-BCF92E852B94}"
EndProject
Project("{9A19103F-16F7-4668-BE54-9A1E7A4F7556}") = "Eurofurence.App.Server.Services", "src\Eurofurence.App.Server.Services\Eurofurence.App.Server.Services.csproj", "{F313B95E-6166-4D34-B4B5-E86B44926299}"
EndProject
Project("{9A19103F-16F7-4668-BE54-9A1E7A4F7556}") = "Eurofurence.App.Server.Web", "src\Eurofurence.App.Server.Web\Eurofurence.App.Server.Web.csproj", "{16CBDB12-56E7-4B6C-BDF6-7B55FC35BE27}"
EndProject
Project("{2150E333-8FDC-42A3-9474-1A3956D46DE8}") = "Importers", "Importers", "{8907097C-8D6C-4F01-8CA3-871C6489171F}"
EndProject
Project("{9A19103F-16F7-4668-BE54-9A1E7A4F7556}") = "Eurofurence.App.Tools.CliToolBox", "src\Eurofurence.App.Tools.CliToolBox\Eurofurence.App.Tools.CliToolBox.csproj", "{FCEBCE71-0EA6-4F25-9BD6-A43A3E016D68}"
EndProject
Project("{2150E333-8FDC-42A3-9474-1A3956D46DE8}") = "test", "test", "{07D37E4D-3609-4732-8BED-7C3F69694CF0}"
EndProject
Project("{9A19103F-16F7-4668-BE54-9A1E7A4F7556}") = "Eurofurence.App.Server.Services.Tests", "test\Eurofurence.App.Server.Services.Tests\Eurofurence.App.Server.Services.Tests.csproj", "{184B514D-8548-4C6A-9C52-A521051013CD}"
EndProject
Project("{9A19103F-16F7-4668-BE54-9A1E7A4F7556}") = "Eurofurence.App.Tests.Common", "test\Eurofurence.App.Tests.Common\Eurofurence.App.Tests.Common.csproj", "{94A3288D-4F78-4744-B8B2-135C772DBE26}"
EndProject
Project("{9A19103F-16F7-4668-BE54-9A1E7A4F7556}") = "Eurofurence.App.Infrastructure.EntityFramework", "src\Eurofurence.App.Infrastructure.EntityFramework\Eurofurence.App.Infrastructure.EntityFramework.csproj", "{E17D248B-AF94-4175-BB80-681457CA25AA}"
EndProject
Project("{2150E333-8FDC-42A3-9474-1A3956D46DE8}") = "Backoffice", "Backoffice", "{521BC67A-4A77-4D4F-8B6F-A3146ED548AA}"
EndProject
Project("{9A19103F-16F7-4668-BE54-9A1E7A4F7556}") = "Eurofurence.App.Backoffice", "src\Eurofurence.App.Backoffice\Eurofurence.App.Backoffice.csproj", "{EAECB2D1-BC66-499A-82E5-92AD670607C9}"
EndProject
Global
	GlobalSection(SolutionConfigurationPlatforms) = preSolution
		Debug|Any CPU = Debug|Any CPU
		Debug|x64 = Debug|x64
		Debug|x86 = Debug|x86
		Release|Any CPU = Release|Any CPU
		Release|x64 = Release|x64
		Release|x86 = Release|x86
	EndGlobalSection
	GlobalSection(ProjectConfigurationPlatforms) = postSolution
		{3C6FDBA7-944C-435F-AD5A-3C846A1A6C35}.Debug|Any CPU.ActiveCfg = Debug|Any CPU
		{3C6FDBA7-944C-435F-AD5A-3C846A1A6C35}.Debug|Any CPU.Build.0 = Debug|Any CPU
		{3C6FDBA7-944C-435F-AD5A-3C846A1A6C35}.Debug|x64.ActiveCfg = Debug|Any CPU
		{3C6FDBA7-944C-435F-AD5A-3C846A1A6C35}.Debug|x64.Build.0 = Debug|Any CPU
		{3C6FDBA7-944C-435F-AD5A-3C846A1A6C35}.Debug|x86.ActiveCfg = Debug|Any CPU
		{3C6FDBA7-944C-435F-AD5A-3C846A1A6C35}.Debug|x86.Build.0 = Debug|Any CPU
		{3C6FDBA7-944C-435F-AD5A-3C846A1A6C35}.Release|Any CPU.ActiveCfg = Release|Any CPU
		{3C6FDBA7-944C-435F-AD5A-3C846A1A6C35}.Release|Any CPU.Build.0 = Release|Any CPU
		{3C6FDBA7-944C-435F-AD5A-3C846A1A6C35}.Release|x64.ActiveCfg = Release|Any CPU
		{3C6FDBA7-944C-435F-AD5A-3C846A1A6C35}.Release|x64.Build.0 = Release|Any CPU
		{3C6FDBA7-944C-435F-AD5A-3C846A1A6C35}.Release|x86.ActiveCfg = Release|Any CPU
		{3C6FDBA7-944C-435F-AD5A-3C846A1A6C35}.Release|x86.Build.0 = Release|Any CPU
		{89B92432-67C9-4A61-80CE-BCF92E852B94}.Debug|Any CPU.ActiveCfg = Debug|Any CPU
		{89B92432-67C9-4A61-80CE-BCF92E852B94}.Debug|Any CPU.Build.0 = Debug|Any CPU
		{89B92432-67C9-4A61-80CE-BCF92E852B94}.Debug|x64.ActiveCfg = Debug|Any CPU
		{89B92432-67C9-4A61-80CE-BCF92E852B94}.Debug|x64.Build.0 = Debug|Any CPU
		{89B92432-67C9-4A61-80CE-BCF92E852B94}.Debug|x86.ActiveCfg = Debug|Any CPU
		{89B92432-67C9-4A61-80CE-BCF92E852B94}.Debug|x86.Build.0 = Debug|Any CPU
		{89B92432-67C9-4A61-80CE-BCF92E852B94}.Release|Any CPU.ActiveCfg = Release|Any CPU
		{89B92432-67C9-4A61-80CE-BCF92E852B94}.Release|Any CPU.Build.0 = Release|Any CPU
		{89B92432-67C9-4A61-80CE-BCF92E852B94}.Release|x64.ActiveCfg = Release|Any CPU
		{89B92432-67C9-4A61-80CE-BCF92E852B94}.Release|x64.Build.0 = Release|Any CPU
		{89B92432-67C9-4A61-80CE-BCF92E852B94}.Release|x86.ActiveCfg = Release|Any CPU
		{89B92432-67C9-4A61-80CE-BCF92E852B94}.Release|x86.Build.0 = Release|Any CPU
		{F313B95E-6166-4D34-B4B5-E86B44926299}.Debug|Any CPU.ActiveCfg = Debug|Any CPU
		{F313B95E-6166-4D34-B4B5-E86B44926299}.Debug|Any CPU.Build.0 = Debug|Any CPU
		{F313B95E-6166-4D34-B4B5-E86B44926299}.Debug|x64.ActiveCfg = Debug|Any CPU
		{F313B95E-6166-4D34-B4B5-E86B44926299}.Debug|x64.Build.0 = Debug|Any CPU
		{F313B95E-6166-4D34-B4B5-E86B44926299}.Debug|x86.ActiveCfg = Debug|Any CPU
		{F313B95E-6166-4D34-B4B5-E86B44926299}.Debug|x86.Build.0 = Debug|Any CPU
		{F313B95E-6166-4D34-B4B5-E86B44926299}.Release|Any CPU.ActiveCfg = Release|Any CPU
		{F313B95E-6166-4D34-B4B5-E86B44926299}.Release|Any CPU.Build.0 = Release|Any CPU
		{F313B95E-6166-4D34-B4B5-E86B44926299}.Release|x64.ActiveCfg = Release|Any CPU
		{F313B95E-6166-4D34-B4B5-E86B44926299}.Release|x64.Build.0 = Release|Any CPU
		{F313B95E-6166-4D34-B4B5-E86B44926299}.Release|x86.ActiveCfg = Release|Any CPU
		{F313B95E-6166-4D34-B4B5-E86B44926299}.Release|x86.Build.0 = Release|Any CPU
		{16CBDB12-56E7-4B6C-BDF6-7B55FC35BE27}.Debug|Any CPU.ActiveCfg = Debug|Any CPU
		{16CBDB12-56E7-4B6C-BDF6-7B55FC35BE27}.Debug|Any CPU.Build.0 = Debug|Any CPU
		{16CBDB12-56E7-4B6C-BDF6-7B55FC35BE27}.Debug|x64.ActiveCfg = Debug|Any CPU
		{16CBDB12-56E7-4B6C-BDF6-7B55FC35BE27}.Debug|x64.Build.0 = Debug|Any CPU
		{16CBDB12-56E7-4B6C-BDF6-7B55FC35BE27}.Debug|x86.ActiveCfg = Debug|Any CPU
		{16CBDB12-56E7-4B6C-BDF6-7B55FC35BE27}.Debug|x86.Build.0 = Debug|Any CPU
		{16CBDB12-56E7-4B6C-BDF6-7B55FC35BE27}.Release|Any CPU.ActiveCfg = Release|Any CPU
		{16CBDB12-56E7-4B6C-BDF6-7B55FC35BE27}.Release|Any CPU.Build.0 = Release|Any CPU
		{16CBDB12-56E7-4B6C-BDF6-7B55FC35BE27}.Release|x64.ActiveCfg = Release|Any CPU
		{16CBDB12-56E7-4B6C-BDF6-7B55FC35BE27}.Release|x64.Build.0 = Release|Any CPU
		{16CBDB12-56E7-4B6C-BDF6-7B55FC35BE27}.Release|x86.ActiveCfg = Release|Any CPU
		{16CBDB12-56E7-4B6C-BDF6-7B55FC35BE27}.Release|x86.Build.0 = Release|Any CPU
		{FCEBCE71-0EA6-4F25-9BD6-A43A3E016D68}.Debug|Any CPU.ActiveCfg = Debug|Any CPU
		{FCEBCE71-0EA6-4F25-9BD6-A43A3E016D68}.Debug|Any CPU.Build.0 = Debug|Any CPU
		{FCEBCE71-0EA6-4F25-9BD6-A43A3E016D68}.Debug|x64.ActiveCfg = Debug|Any CPU
		{FCEBCE71-0EA6-4F25-9BD6-A43A3E016D68}.Debug|x64.Build.0 = Debug|Any CPU
		{FCEBCE71-0EA6-4F25-9BD6-A43A3E016D68}.Debug|x86.ActiveCfg = Debug|Any CPU
		{FCEBCE71-0EA6-4F25-9BD6-A43A3E016D68}.Debug|x86.Build.0 = Debug|Any CPU
		{FCEBCE71-0EA6-4F25-9BD6-A43A3E016D68}.Release|Any CPU.ActiveCfg = Release|Any CPU
		{FCEBCE71-0EA6-4F25-9BD6-A43A3E016D68}.Release|Any CPU.Build.0 = Release|Any CPU
		{FCEBCE71-0EA6-4F25-9BD6-A43A3E016D68}.Release|x64.ActiveCfg = Release|Any CPU
		{FCEBCE71-0EA6-4F25-9BD6-A43A3E016D68}.Release|x64.Build.0 = Release|Any CPU
		{FCEBCE71-0EA6-4F25-9BD6-A43A3E016D68}.Release|x86.ActiveCfg = Release|Any CPU
		{FCEBCE71-0EA6-4F25-9BD6-A43A3E016D68}.Release|x86.Build.0 = Release|Any CPU
		{184B514D-8548-4C6A-9C52-A521051013CD}.Debug|Any CPU.ActiveCfg = Debug|Any CPU
		{184B514D-8548-4C6A-9C52-A521051013CD}.Debug|Any CPU.Build.0 = Debug|Any CPU
		{184B514D-8548-4C6A-9C52-A521051013CD}.Debug|x64.ActiveCfg = Debug|Any CPU
		{184B514D-8548-4C6A-9C52-A521051013CD}.Debug|x64.Build.0 = Debug|Any CPU
		{184B514D-8548-4C6A-9C52-A521051013CD}.Debug|x86.ActiveCfg = Debug|Any CPU
		{184B514D-8548-4C6A-9C52-A521051013CD}.Debug|x86.Build.0 = Debug|Any CPU
		{184B514D-8548-4C6A-9C52-A521051013CD}.Release|Any CPU.ActiveCfg = Release|Any CPU
		{184B514D-8548-4C6A-9C52-A521051013CD}.Release|Any CPU.Build.0 = Release|Any CPU
		{184B514D-8548-4C6A-9C52-A521051013CD}.Release|x64.ActiveCfg = Release|Any CPU
		{184B514D-8548-4C6A-9C52-A521051013CD}.Release|x64.Build.0 = Release|Any CPU
		{184B514D-8548-4C6A-9C52-A521051013CD}.Release|x86.ActiveCfg = Release|Any CPU
		{184B514D-8548-4C6A-9C52-A521051013CD}.Release|x86.Build.0 = Release|Any CPU
		{94A3288D-4F78-4744-B8B2-135C772DBE26}.Debug|Any CPU.ActiveCfg = Debug|Any CPU
		{94A3288D-4F78-4744-B8B2-135C772DBE26}.Debug|Any CPU.Build.0 = Debug|Any CPU
		{94A3288D-4F78-4744-B8B2-135C772DBE26}.Debug|x64.ActiveCfg = Debug|Any CPU
		{94A3288D-4F78-4744-B8B2-135C772DBE26}.Debug|x64.Build.0 = Debug|Any CPU
		{94A3288D-4F78-4744-B8B2-135C772DBE26}.Debug|x86.ActiveCfg = Debug|Any CPU
		{94A3288D-4F78-4744-B8B2-135C772DBE26}.Debug|x86.Build.0 = Debug|Any CPU
		{94A3288D-4F78-4744-B8B2-135C772DBE26}.Release|Any CPU.ActiveCfg = Release|Any CPU
		{94A3288D-4F78-4744-B8B2-135C772DBE26}.Release|Any CPU.Build.0 = Release|Any CPU
		{94A3288D-4F78-4744-B8B2-135C772DBE26}.Release|x64.ActiveCfg = Release|Any CPU
		{94A3288D-4F78-4744-B8B2-135C772DBE26}.Release|x64.Build.0 = Release|Any CPU
		{94A3288D-4F78-4744-B8B2-135C772DBE26}.Release|x86.ActiveCfg = Release|Any CPU
		{94A3288D-4F78-4744-B8B2-135C772DBE26}.Release|x86.Build.0 = Release|Any CPU
		{E17D248B-AF94-4175-BB80-681457CA25AA}.Debug|Any CPU.ActiveCfg = Debug|Any CPU
		{E17D248B-AF94-4175-BB80-681457CA25AA}.Debug|Any CPU.Build.0 = Debug|Any CPU
		{E17D248B-AF94-4175-BB80-681457CA25AA}.Debug|x64.ActiveCfg = Debug|Any CPU
		{E17D248B-AF94-4175-BB80-681457CA25AA}.Debug|x64.Build.0 = Debug|Any CPU
		{E17D248B-AF94-4175-BB80-681457CA25AA}.Debug|x86.ActiveCfg = Debug|Any CPU
		{E17D248B-AF94-4175-BB80-681457CA25AA}.Debug|x86.Build.0 = Debug|Any CPU
		{E17D248B-AF94-4175-BB80-681457CA25AA}.Release|Any CPU.ActiveCfg = Release|Any CPU
		{E17D248B-AF94-4175-BB80-681457CA25AA}.Release|Any CPU.Build.0 = Release|Any CPU
		{E17D248B-AF94-4175-BB80-681457CA25AA}.Release|x64.ActiveCfg = Release|Any CPU
		{E17D248B-AF94-4175-BB80-681457CA25AA}.Release|x64.Build.0 = Release|Any CPU
		{E17D248B-AF94-4175-BB80-681457CA25AA}.Release|x86.ActiveCfg = Release|Any CPU
		{E17D248B-AF94-4175-BB80-681457CA25AA}.Release|x86.Build.0 = Release|Any CPU
		{EAECB2D1-BC66-499A-82E5-92AD670607C9}.Debug|Any CPU.ActiveCfg = Debug|Any CPU
		{EAECB2D1-BC66-499A-82E5-92AD670607C9}.Debug|Any CPU.Build.0 = Debug|Any CPU
		{EAECB2D1-BC66-499A-82E5-92AD670607C9}.Debug|x64.ActiveCfg = Debug|Any CPU
		{EAECB2D1-BC66-499A-82E5-92AD670607C9}.Debug|x64.Build.0 = Debug|Any CPU
		{EAECB2D1-BC66-499A-82E5-92AD670607C9}.Debug|x86.ActiveCfg = Debug|Any CPU
		{EAECB2D1-BC66-499A-82E5-92AD670607C9}.Debug|x86.Build.0 = Debug|Any CPU
		{EAECB2D1-BC66-499A-82E5-92AD670607C9}.Release|Any CPU.ActiveCfg = Release|Any CPU
		{EAECB2D1-BC66-499A-82E5-92AD670607C9}.Release|Any CPU.Build.0 = Release|Any CPU
		{EAECB2D1-BC66-499A-82E5-92AD670607C9}.Release|x64.ActiveCfg = Release|Any CPU
		{EAECB2D1-BC66-499A-82E5-92AD670607C9}.Release|x64.Build.0 = Release|Any CPU
		{EAECB2D1-BC66-499A-82E5-92AD670607C9}.Release|x86.ActiveCfg = Release|Any CPU
		{EAECB2D1-BC66-499A-82E5-92AD670607C9}.Release|x86.Build.0 = Release|Any CPU
	EndGlobalSection
	GlobalSection(SolutionProperties) = preSolution
		HideSolutionNode = FALSE
	EndGlobalSection
	GlobalSection(NestedProjects) = preSolution
		{3C6FDBA7-944C-435F-AD5A-3C846A1A6C35} = {7AC305D7-5603-4073-8893-5104847367AB}
		{89B92432-67C9-4A61-80CE-BCF92E852B94} = {7AC305D7-5603-4073-8893-5104847367AB}
		{F313B95E-6166-4D34-B4B5-E86B44926299} = {7AC305D7-5603-4073-8893-5104847367AB}
		{16CBDB12-56E7-4B6C-BDF6-7B55FC35BE27} = {7AC305D7-5603-4073-8893-5104847367AB}
		{FCEBCE71-0EA6-4F25-9BD6-A43A3E016D68} = {8907097C-8D6C-4F01-8CA3-871C6489171F}
		{184B514D-8548-4C6A-9C52-A521051013CD} = {07D37E4D-3609-4732-8BED-7C3F69694CF0}
		{94A3288D-4F78-4744-B8B2-135C772DBE26} = {07D37E4D-3609-4732-8BED-7C3F69694CF0}
		{E17D248B-AF94-4175-BB80-681457CA25AA} = {7AC305D7-5603-4073-8893-5104847367AB}
		{EAECB2D1-BC66-499A-82E5-92AD670607C9} = {521BC67A-4A77-4D4F-8B6F-A3146ED548AA}
	EndGlobalSection
	GlobalSection(ExtensibilityGlobals) = postSolution
		SolutionGuid = {D31ABA48-3C64-41D8-8A95-8C729A2343EF}
	EndGlobalSection
EndGlobal
